# THIS IS AN AUTOGENERATED FILE. DO NOT EDIT THIS FILE DIRECTLY.
# yarn lockfile v1


xstate@^4.32.1:
  version "4.32.1"
  resolved "https://registry.yarnpkg.com/xstate/-/xstate-4.32.1.tgz#1a09c808a66072938861a3b4acc5b38460244b70"
  integrity sha512-QYUd+3GkXZ8i6qdixnOn28bL3EvA++LONYL/EMWwKlFSh/hiLndJ8YTnz77FDs+JUXcwU7NZJg7qoezoRHc4GQ==
